
Microsoft Visual Studio Solution File, Format Version 12.00
# Visual Studio Version 16
VisualStudioVersion = 16.0.30717.126
MinimumVisualStudioVersion = 10.0.40219.1
Project("{9A19103F-16F7-4668-BE54-9A1E7A4F7556}") = "CSharp_Practice", "CSharp_Practice.csproj", "{1116AA39-68CB-433C-98F6-588B4F19B50B}"
EndProject
Project("{9A19103F-16F7-4668-BE54-9A1E7A4F7556}") = "Tasks", "Tasks\Tasks.csproj", "{2D254AD6-B156-4ED1-B521-553AF4F56826}"
EndProject
Project("{8BC9CEB8-8B4A-11D0-8D11-00A0C91BC942}") = "Field Galua", "..\Field Galua\Field Galua.vcxproj", "{AC2CBA0C-4E7A-47D0-8513-A5A632BE4648}"
EndProject
Global
	GlobalSection(SolutionConfigurationPlatforms) = preSolution
		Debug|Any CPU = Debug|Any CPU
		Debug|x64 = Debug|x64
		Debug|x86 = Debug|x86
		Release|Any CPU = Release|Any CPU
		Release|x64 = Release|x64
		Release|x86 = Release|x86
	EndGlobalSection
	GlobalSection(ProjectConfigurationPlatforms) = postSolution
		{1116AA39-68CB-433C-98F6-588B4F19B50B}.Debug|Any CPU.ActiveCfg = Debug|Any CPU
		{1116AA39-68CB-433C-98F6-588B4F19B50B}.Debug|Any CPU.Build.0 = Debug|Any CPU
		{1116AA39-68CB-433C-98F6-588B4F19B50B}.Debug|x64.ActiveCfg = Debug|Any CPU
		{1116AA39-68CB-433C-98F6-588B4F19B50B}.Debug|x64.Build.0 = Debug|Any CPU
		{1116AA39-68CB-433C-98F6-588B4F19B50B}.Debug|x86.ActiveCfg = Debug|Any CPU
		{1116AA39-68CB-433C-98F6-588B4F19B50B}.Debug|x86.Build.0 = Debug|Any CPU
		{1116AA39-68CB-433C-98F6-588B4F19B50B}.Release|Any CPU.ActiveCfg = Release|Any CPU
		{1116AA39-68CB-433C-98F6-588B4F19B50B}.Release|Any CPU.Build.0 = Release|Any CPU
		{1116AA39-68CB-433C-98F6-588B4F19B50B}.Release|x64.ActiveCfg = Release|Any CPU
		{1116AA39-68CB-433C-98F6-588B4F19B50B}.Release|x64.Build.0 = Release|Any CPU
		{1116AA39-68CB-433C-98F6-588B4F19B50B}.Release|x86.ActiveCfg = Release|Any CPU
		{1116AA39-68CB-433C-98F6-588B4F19B50B}.Release|x86.Build.0 = Release|Any CPU
		{2D254AD6-B156-4ED1-B521-553AF4F56826}.Debug|Any CPU.ActiveCfg = Debug|Any CPU
		{2D254AD6-B156-4ED1-B521-553AF4F56826}.Debug|Any CPU.Build.0 = Debug|Any CPU
		{2D254AD6-B156-4ED1-B521-553AF4F56826}.Debug|x64.ActiveCfg = Debug|Any CPU
		{2D254AD6-B156-4ED1-B521-553AF4F56826}.Debug|x64.Build.0 = Debug|Any CPU
		{2D254AD6-B156-4ED1-B521-553AF4F56826}.Debug|x86.ActiveCfg = Debug|Any CPU
		{2D254AD6-B156-4ED1-B521-553AF4F56826}.Debug|x86.Build.0 = Debug|Any CPU
		{2D254AD6-B156-4ED1-B521-553AF4F56826}.Release|Any CPU.ActiveCfg = Release|Any CPU
		{2D254AD6-B156-4ED1-B521-553AF4F56826}.Release|Any CPU.Build.0 = Release|Any CPU
		{2D254AD6-B156-4ED1-B521-553AF4F56826}.Release|x64.ActiveCfg = Release|Any CPU
		{2D254AD6-B156-4ED1-B521-553AF4F56826}.Release|x64.Build.0 = Release|Any CPU
		{2D254AD6-B156-4ED1-B521-553AF4F56826}.Release|x86.ActiveCfg = Release|Any CPU
		{2D254AD6-B156-4ED1-B521-553AF4F56826}.Release|x86.Build.0 = Release|Any CPU
		{AC2CBA0C-4E7A-47D0-8513-A5A632BE4648}.Debug|Any CPU.ActiveCfg = Debug|Win32
		{AC2CBA0C-4E7A-47D0-8513-A5A632BE4648}.Debug|x64.ActiveCfg = Debug|x64
		{AC2CBA0C-4E7A-47D0-8513-A5A632BE4648}.Debug|x64.Build.0 = Debug|x64
		{AC2CBA0C-4E7A-47D0-8513-A5A632BE4648}.Debug|x86.ActiveCfg = Debug|Win32
		{AC2CBA0C-4E7A-47D0-8513-A5A632BE4648}.Debug|x86.Build.0 = Debug|Win32
		{AC2CBA0C-4E7A-47D0-8513-A5A632BE4648}.Release|Any CPU.ActiveCfg = Release|Win32
		{AC2CBA0C-4E7A-47D0-8513-A5A632BE4648}.Release|x64.ActiveCfg = Release|x64
		{AC2CBA0C-4E7A-47D0-8513-A5A632BE4648}.Release|x64.Build.0 = Release|x64
		{AC2CBA0C-4E7A-47D0-8513-A5A632BE4648}.Release|x86.ActiveCfg = Release|Win32
		{AC2CBA0C-4E7A-47D0-8513-A5A632BE4648}.Release|x86.Build.0 = Release|Win32
	EndGlobalSection
	GlobalSection(SolutionProperties) = preSolution
		HideSolutionNode = FALSE
	EndGlobalSection
	GlobalSection(ExtensibilityGlobals) = postSolution
		SolutionGuid = {32B8CE2C-6F88-4366-B224-D67DEA613EB0}
	EndGlobalSection
EndGlobal
